// !$*UTF8*$!
{
	archiveVersion = 1;
	classes = {
	};
	objectVersion = 77;
	objects = {

/* Begin PBXContainerItemProxy section */
		FDE873E52EE284B7000C3790 /* PBXContainerItemProxy */ = {
			isa = PBXContainerItemProxy;
			containerPortal = FDE873CF2EE284B6000C3790 /* Project object */;
			proxyType = 1;
			remoteGlobalIDString = FDE873D62EE284B6000C3790;
			remoteInfo = Kivicube;
		};
		FDE873EF2EE284B7000C3790 /* PBXContainerItemProxy */ = {
			isa = PBXContainerItemProxy;
			containerPortal = FDE873CF2EE284B6000C3790 /* Project object */;
			proxyType = 1;
			remoteGlobalIDString = FDE873D62EE284B6000C3790;
			remoteInfo = Kivicube;
		};
/* End PBXContainerItemProxy section */

/* Begin PBXFileReference section */
		FDE873D72EE284B6000C3790 /* Kivicube.app */ = {isa = PBXFileReference; explicitFileType = wrapper.application; includeInIndex = 0; path = Kivicube.app; sourceTree = BUILT_PRODUCTS_DIR; };
		FDE873E42EE284B7000C3790 /* KivicubeTests.xctest */ = {isa = PBXFileReference; explicitFileType = wrapper.cfbundle; includeInIndex = 0; path = KivicubeTests.xctest; sourceTree = BUILT_PRODUCTS_DIR; };
		FDE873EE2EE284B7000C3790 /* KivicubeUITests.xctest */ = {isa = PBXFileReference; explicitFileType = wrapper.cfbundle; includeInIndex = 0; path = KivicubeUITests.xctest; sourceTree = BUILT_PRODUCTS_DIR; };
/* End PBXFileReference section */

/* Begin PBXFileSystemSynchronizedBuildFileExceptionSet section */
		FDE874062EE3059E000C3790 /* Exceptions for "Kivicube" folder in "Kivicube" target */ = {
			isa = PBXFileSystemSynchronizedBuildFileExceptionSet;
			membershipExceptions = (
				Info.plist,
			);
			target = FDE873D62EE284B6000C3790 /* Kivicube */;
		};
/* End PBXFileSystemSynchronizedBuildFileExceptionSet section */

/* Begin PBXFileSystemSynchronizedRootGroup section */
		FDE873D92EE284B6000C3790 /* Kivicube */ = {
			isa = PBXFileSystemSynchronizedRootGroup;
			exceptions = (
				FDE874062EE3059E000C3790 /* Exceptions for "Kivicube" folder in "Kivicube" target */,
			);
			path = Kivicube;
			sourceTree = "<group>";
		};
		FDE873E72EE284B7000C3790 /* KivicubeTests */ = {
			isa = PBXFileSystemSynchronizedRootGroup;
			path = KivicubeTests;
			sourceTree = "<group>";
		};
		FDE873F12EE284B7000C3790 /* KivicubeUITests */ = {
			isa = PBXFileSystemSynchronizedRootGroup;
			path = KivicubeUITests;
			sourceTree = "<group>";
		};
/* End PBXFileSystemSynchronizedRootGroup section */

/* Begin PBXFrameworksBuildPhase section */
		FDE873D42EE284B6000C3790 /* Frameworks */ = {
			isa = PBXFrameworksBuildPhase;
			buildActionMask = 2147483647;
			files = (
			);
			runOnlyForDeploymentPostprocessing = 0;
		};
		FDE873E12EE284B7000C3790 /* Frameworks */ = {
			isa = PBXFrameworksBuildPhase;
			buildActionMask = 2147483647;
			files = (
			);
			runOnlyForDeploymentPostprocessing = 0;
		};
		FDE873EB2EE284B7000C3790 /* Frameworks */ = {
			isa = PBXFrameworksBuildPhase;
			buildActionMask = 2147483647;
			files = (
			);
			runOnlyForDeploymentPostprocessing = 0;
		};
/* End PBXFrameworksBuildPhase section */

/* Begin PBXGroup section */
		FDE873CE2EE284B6000C3790 = {
			isa = PBXGroup;
			children = (
				FDE873D92EE284B6000C3790 /* Kivicube */,
				FDE873E72EE284B7000C3790 /* KivicubeTests */,
				FDE873F12EE284B7000C3790 /* KivicubeUITests */,
				FDE873D82EE284B6000C3790 /* Products */,
			);
			sourceTree = "<group>";
		};
		FDE873D82EE284B6000C3790 /* Products */ = {
			isa = PBXGroup;
			children = (
				FDE873D72EE284B6000C3790 /* Kivicube.app */,
				FDE873E42EE284B7000C3790 /* KivicubeTests.xctest */,
				FDE873EE2EE284B7000C3790 /* KivicubeUITests.xctest */,
			);
			name = Products;
			sourceTree = "<group>";
		};
/* End PBXGroup section */

/* Begin PBXNativeTarget section */
		FDE873D62EE284B6000C3790 /* Kivicube */ = {
			isa = PBXNativeTarget;
			buildConfigurationList = FDE873F82EE284B7000C3790 /* Build configuration list for PBXNativeTarget "Kivicube" */;
			buildPhases = (
				FDE873D32EE284B6000C3790 /* Sources */,
				FDE873D42EE284B6000C3790 /* Frameworks */,
				FDE873D52EE284B6000C3790 /* Resources */,
			);
			buildRules = (
			);
			dependencies = (
			);
			fileSystemSynchronizedGroups = (
				FDE873D92EE284B6000C3790 /* Kivicube */,
			);
			name = Kivicube;
			packageProductDependencies = (
			);
			productName = Kivicube;
			productReference = FDE873D72EE284B6000C3790 /* Kivicube.app */;
			productType = "com.apple.product-type.application";
		};
		FDE873E32EE284B7000C3790 /* KivicubeTests */ = {
			isa = PBXNativeTarget;
			buildConfigurationList = FDE873FB2EE284B7000C3790 /* Build configuration list for PBXNativeTarget "KivicubeTests" */;
			buildPhases = (
				FDE873E02EE284B7000C3790 /* Sources */,
				FDE873E12EE284B7000C3790 /* Frameworks */,
				FDE873E22EE284B7000C3790 /* Resources */,
			);
			buildRules = (
			);
			dependencies = (
				FDE873E62EE284B7000C3790 /* PBXTargetDependency */,
			);
			fileSystemSynchronizedGroups = (
				FDE873E72EE284B7000C3790 /* KivicubeTests */,
			);
			name = KivicubeTests;
			packageProductDependencies = (
			);
			productName = KivicubeTests;
			productReference = FDE873E42EE284B7000C3790 /* KivicubeTests.xctest */;
			productType = "com.apple.product-type.bundle.unit-test";
		};
		FDE873ED2EE284B7000C3790 /* KivicubeUITests */ = {
			isa = PBXNativeTarget;
			buildConfigurationList = FDE873FE2EE284B7000C3790 /* Build configuration list for PBXNativeTarget "KivicubeUITests" */;
			buildPhases = (
				FDE873EA2EE284B7000C3790 /* Sources */,
				FDE873EB2EE284B7000C3790 /* Frameworks */,
				FDE873EC2EE284B7000C3790 /* Resources */,
			);
			buildRules = (
			);
			dependencies = (
				FDE873F02EE284B7000C3790 /* PBXTargetDependency */,
			);
			fileSystemSynchronizedGroups = (
				FDE873F12EE284B7000C3790 /* KivicubeUITests */,
			);
			name = KivicubeUITests;
			packageProductDependencies = (
			);
			productName = KivicubeUITests;
			productReference = FDE873EE2EE284B7000C3790 /* KivicubeUITests.xctest */;
			productType = "com.apple.product-type.bundle.ui-testing";
		};
/* End PBXNativeTarget section */

/* Begin PBXProject section */
		FDE873CF2EE284B6000C3790 /* Project object */ = {
			isa = PBXProject;
			attributes = {
				BuildIndependentTargetsInParallel = 1;
				LastSwiftUpdateCheck = 1630;
				LastUpgradeCheck = 1630;
				TargetAttributes = {
					FDE873D62EE284B6000C3790 = {
						CreatedOnToolsVersion = 16.3;
					};
					FDE873E32EE284B7000C3790 = {
						CreatedOnToolsVersion = 16.3;
						TestTargetID = FDE873D62EE284B6000C3790;
					};
					FDE873ED2EE284B7000C3790 = {
						CreatedOnToolsVersion = 16.3;
						TestTargetID = FDE873D62EE284B6000C3790;
					};
				};
			};
			buildConfigurationList = FDE873D22EE284B6000C3790 /* Build configuration list for PBXProject "Kivicube" */;
			developmentRegion = en;
			hasScannedForEncodings = 0;
			knownRegions = (
				en,
				Base,
			);
			mainGroup = FDE873CE2EE284B6000C3790;
			minimizedProjectReferenceProxies = 1;
			preferredProjectObjectVersion = 77;
			productRefGroup = FDE873D82EE284B6000C3790 /* Products */;
			projectDirPath = "";
			projectRoot = "";
			targets = (
				FDE873D62EE284B6000C3790 /* Kivicube */,
				FDE873E32EE284B7000C3790 /* KivicubeTests */,
				FDE873ED2EE284B7000C3790 /* KivicubeUITests */,
			);
		};
/* End PBXProject section */

/* Begin PBXResourcesBuildPhase section */
		FDE873D52EE284B6000C3790 /* Resources */ = {
			isa = PBXResourcesBuildPhase;
			buildActionMask = 2147483647;
			files = (
			);
			runOnlyForDeploymentPostprocessing = 0;
		};
		FDE873E22EE284B7000C3790 /* Resources */ = {
			isa = PBXResourcesBuildPhase;
			buildActionMask = 2147483647;
			files = (
			);
			runOnlyForDeploymentPostprocessing = 0;
		};
		FDE873EC2EE284B7000C3790 /* Resources */ = {
			isa = PBXResourcesBuildPhase;
			buildActionMask = 2147483647;
			files = (
			);
			runOnlyForDeploymentPostprocessing = 0;
		};
/* End PBXResourcesBuildPhase section */

/* Begin PBXSourcesBuildPhase section */
		FDE873D32EE284B6000C3790 /* Sources */ = {
			isa = PBXSourcesBuildPhase;
			buildActionMask = 2147483647;
			files = (
			);
			runOnlyForDeploymentPostprocessing = 0;
		};
		FDE873E02EE284B7000C3790 /* Sources */ = {
			isa = PBXSourcesBuildPhase;
			buildActionMask = 2147483647;
			files = (
			);
			runOnlyForDeploymentPostprocessing = 0;
		};
		FDE873EA2EE284B7000C3790 /* Sources */ = {
			isa = PBXSourcesBuildPhase;
			buildActionMask = 2147483647;
			files = (
			);
			runOnlyForDeploymentPostprocessing = 0;
		};
/* End PBXSourcesBuildPhase section */

/* Begin PBXTargetDependency section */
		FDE873E62EE284B7000C3790 /* PBXTargetDependency */ = {
			isa = PBXTargetDependency;
			target = FDE873D62EE284B6000C3790 /* Kivicube */;
			targetProxy = FDE873E52EE284B7000C3790 /* PBXContainerItemProxy */;
		};
		FDE873F02EE284B7000C3790 /* PBXTargetDependency */ = {
			isa = PBXTargetDependency;
			target = FDE873D62EE284B6000C3790 /* Kivicube */;
			targetProxy = FDE873EF2EE284B7000C3790 /* PBXContainerItemProxy */;
		};
/* End PBXTargetDependency section */

/* Begin XCBuildConfiguration section */
		FDE873F62EE284B7000C3790 /* Debug */ = {
			isa = XCBuildConfiguration;
			buildSettings = {
				ALWAYS_SEARCH_USER_PATHS = NO;
				ASSETCATALOG_COMPILER_GENERATE_SWIFT_ASSET_SYMBOL_EXTENSIONS = YES;
				CLANG_ANALYZER_NONNULL = YES;
				CLANG_ANALYZER_NUMBER_OBJECT_CONVERSION = YES_AGGRESSIVE;
				CLANG_CXX_LANGUAGE_STANDARD = "gnu++20";
				CLANG_ENABLE_MODULES = YES;
				CLANG_ENABLE_OBJC_ARC = YES;
				CLANG_ENABLE_OBJC_WEAK = YES;
				CLANG_WARN_BLOCK_CAPTURE_AUTORELEASING = YES;
				CLANG_WARN_BOOL_CONVERSION = YES;
				CLANG_WARN_COMMA = YES;
				CLANG_WARN_CONSTANT_CONVERSION = YES;
				CLANG_WARN_DEPRECATED_OBJC_IMPLEMENTATIONS = YES;
				CLANG_WARN_DIRECT_OBJC_ISA_USAGE = YES_ERROR;
				CLANG_WARN_DOCUMENTATION_COMMENTS = YES;
				CLANG_WARN_EMPTY_BODY = YES;
				CLANG_WARN_ENUM_CONVERSION = YES;
				CLANG_WARN_INFINITE_RECURSION = YES;
				CLANG_WARN_INT_CONVERSION = YES;
				CLANG_WARN_NON_LITERAL_NULL_CONVERSION = YES;
				CLANG_WARN_OBJC_IMPLICIT_RETAIN_SELF = YES;
				CLANG_WARN_OBJC_LITERAL_CONVERSION = YES;
				CLANG_WARN_OBJC_ROOT_CLASS = YES_ERROR;
				CLANG_WARN_QUOTED_INCLUDE_IN_FRAMEWORK_HEADER = YES;
				CLANG_WARN_RANGE_LOOP_ANALYSIS = YES;
				CLANG_WARN_STRICT_PROTOTYPES = YES;
				CLANG_WARN_SUSPICIOUS_MOVE = YES;
				CLANG_WARN_UNGUARDED_AVAILABILITY = YES_AGGRESSIVE;
				CLANG_WARN_UNREACHABLE_CODE = YES;
				CLANG_WARN__DUPLICATE_METHOD_MATCH = YES;
				COPY_PHASE_STRIP = NO;
				DEBUG_INFORMATION_FORMAT = dwarf;
				DEVELOPMENT_TEAM = L2433LT2H4;
				ENABLE_STRICT_OBJC_MSGSEND = YES;
				ENABLE_TESTABILITY = YES;
				ENABLE_USER_SCRIPT_SANDBOXING = YES;
				GCC_C_LANGUAGE_STANDARD = gnu17;
				GCC_DYNAMIC_NO_PIC = NO;
				GCC_NO_COMMON_BLOCKS = YES;
				GCC_OPTIMIZATION_LEVEL = 0;
				GCC_PREPROCESSOR_DEFINITIONS = (
					"DEBUG=1",
					"$(inherited)",
				);
				GCC_WARN_64_TO_32_BIT_CONVERSION = YES;
				GCC_WARN_ABOUT_RETURN_TYPE = YES_ERROR;
				GCC_WARN_UNDECLARED_SELECTOR = YES;
				GCC_WARN_UNINITIALIZED_AUTOS = YES_AGGRESSIVE;
				GCC_WARN_UNUSED_FUNCTION = YES;
				GCC_WARN_UNUSED_VARIABLE = YES;
				IPHONEOS_DEPLOYMENT_TARGET = 18.4;
				LOCALIZATION_PREFERS_STRING_CATALOGS = YES;
				MTL_ENABLE_DEBUG_INFO = INCLUDE_SOURCE;
				MTL_FAST_MATH = YES;
				ONLY_ACTIVE_ARCH = YES;
				SDKROOT = iphoneos;
				SWIFT_ACTIVE_COMPILATION_CONDITIONS = "DEBUG $(inherited)";
				SWIFT_OPTIMIZATION_LEVEL = "-Onone";
			};
			name = Debug;
		};
		FDE873F72EE284B7000C3790 /* Release */ = {
			isa = XCBuildConfiguration;
			buildSettings = {
				ALWAYS_SEARCH_USER_PATHS = NO;
				ASSETCATALOG_COMPILER_GENERATE_SWIFT_ASSET_SYMBOL_EXTENSIONS = YES;
				CLANG_ANALYZER_NONNULL = YES;
				CLANG_ANALYZER_NUMBER_OBJECT_CONVERSION = YES_AGGRESSIVE;
				CLANG_CXX_LANGUAGE_STANDARD = "gnu++20";
				CLANG_ENABLE_MODULES = YES;
				CLANG_ENABLE_OBJC_ARC = YES;
				CLANG_ENABLE_OBJC_WEAK = YES;
				CLANG_WARN_BLOCK_CAPTURE_AUTORELEASING = YES;
				CLANG_WARN_BOOL_CONVERSION = YES;
				CLANG_WARN_COMMA = YES;
				CLANG_WARN_CONSTANT_CONVERSION = YES;
				CLANG_WARN_DEPRECATED_OBJC_IMPLEMENTATIONS = YES;
				CLANG_WARN_DIRECT_OBJC_ISA_USAGE = YES_ERROR;
				CLANG_WARN_DOCUMENTATION_COMMENTS = YES;
				CLANG_WARN_EMPTY_BODY = YES;
				CLANG_WARN_ENUM_CONVERSION = YES;
				CLANG_WARN_INFINITE_RECURSION = YES;
				CLANG_WARN_INT_CONVERSION = YES;
				CLANG_WARN_NON_LITERAL_NULL_CONVERSION = YES;
				CLANG_WARN_OBJC_IMPLICIT_RETAIN_SELF = YES;
				CLANG_WARN_OBJC_LITERAL_CONVERSION = YES;
				CLANG_WARN_OBJC_ROOT_CLASS = YES_ERROR;
				CLANG_WARN_QUOTED_INCLUDE_IN_FRAMEWORK_HEADER = YES;
				CLANG_WARN_RANGE_LOOP_ANALYSIS = YES;
				CLANG_WARN_STRICT_PROTOTYPES = YES;
				CLANG_WARN_SUSPICIOUS_MOVE = YES;
				CLANG_WARN_UNGUARDED_AVAILABILITY = YES_AGGRESSIVE;
				CLANG_WARN_UNREACHABLE_CODE = YES;
				CLANG_WARN__DUPLICATE_METHOD_MATCH = YES;
				COPY_PHASE_STRIP = NO;
				DEBUG_INFORMATION_FORMAT = "dwarf-with-dsym";
				DEVELOPMENT_TEAM = L2433LT2H4;
				ENABLE_NS_ASSERTIONS = NO;
				ENABLE_STRICT_OBJC_MSGSEND = YES;
				ENABLE_USER_SCRIPT_SANDBOXING = YES;
				GCC_C_LANGUAGE_STANDARD = gnu17;
				GCC_NO_COMMON_BLOCKS = YES;
				GCC_WARN_64_TO_32_BIT_CONVERSION = YES;
				GCC_WARN_ABOUT_RETURN_TYPE = YES_ERROR;
				GCC_WARN_UNDECLARED_SELECTOR = YES;
				GCC_WARN_UNINITIALIZED_AUTOS = YES_AGGRESSIVE;
				GCC_WARN_UNUSED_FUNCTION = YES;
				GCC_WARN_UNUSED_VARIABLE = YES;
				IPHONEOS_DEPLOYMENT_TARGET = 18.4;
				LOCALIZATION_PREFERS_STRING_CATALOGS = YES;
				MTL_ENABLE_DEBUG_INFO = NO;
				MTL_FAST_MATH = YES;
				SDKROOT = iphoneos;
				SWIFT_COMPILATION_MODE = wholemodule;
				VALIDATE_PRODUCT = YES;
			};
			name = Release;
		};
		FDE873F92EE284B7000C3790 /* Debug */ = {
			isa = XCBuildConfiguration;
			buildSettings = {
				ASSETCATALOG_COMPILER_APPICON_NAME = AppIcon;
				ASSETCATALOG_COMPILER_GLOBAL_ACCENT_COLOR_NAME = AccentColor;
				CODE_SIGN_STYLE = Automatic;
				CURRENT_PROJECT_VERSION = 1;
				DEVELOPMENT_TEAM = L2433LT2H4;
				ENABLE_PREVIEWS = YES;
				GENERATE_INFOPLIST_FILE = YES;
				INFOPLIST_FILE = Kivicube/Info.plist;
				INFOPLIST_KEY_NSCameraUsageDescription = "应用需要使用摄像头以支持WebRTC功能";
				INFOPLIST_KEY_NSMicrophoneUsageDescription = "此应用需要使用麦克风以实现音频功能";
				INFOPLIST_KEY_NSMotionUsageDescription = "应用需要使用陀螺仪以支持AR功能 ";
				INFOPLIST_KEY_UIApplicationSceneManifest_Generation = YES;
				INFOPLIST_KEY_UIApplicationSupportsIndirectInputEvents = YES;
				INFOPLIST_KEY_UILaunchScreen_Generation = YES;
				INFOPLIST_KEY_UISupportedInterfaceOrientations_iPad = "UIInterfaceOrientationPortrait UIInterfaceOrientationPortraitUpsideDown UIInterfaceOrientationLandscapeLeft UIInterfaceOrientationLandscapeRight";
				INFOPLIST_KEY_UISupportedInterfaceOrientations_iPhone = "UIInterfaceOrientationPortrait UIInterfaceOrientationLandscapeLeft UIInterfaceOrientationLandscapeRight";
				LD_RUNPATH_SEARCH_PATHS = (
					"$(inherited)",
					"@executable_path/Frameworks",
				);
				MARKETING_VERSION = 1.0;
				PRODUCT_BUNDLE_IDENTIFIER = com.kivicube.app;
				PRODUCT_NAME = Kivicube;
				SWIFT_EMIT_LOC_STRINGS = YES;
				SWIFT_VERSION = 5.0;
				TARGETED_DEVICE_FAMILY = "1,2";
			};
			name = Debug;
		};
		FDE873FA2EE284B7000C3790 /* Release */ = {
			isa = XCBuildConfiguration;
			buildSettings = {
				ASSETCATALOG_COMPILER_APPICON_NAME = AppIcon;
				ASSETCATALOG_COMPILER_GLOBAL_ACCENT_COLOR_NAME = AccentColor;
				CODE_SIGN_STYLE = Automatic;
				CURRENT_PROJECT_VERSION = 1;
				DEVELOPMENT_TEAM = L2433LT2H4;
				ENABLE_PREVIEWS = YES;
				GENERATE_INFOPLIST_FILE = YES;
				INFOPLIST_FILE = Kivicube/Info.plist;
				INFOPLIST_KEY_NSCameraUsageDescription = "应用需要使用摄像头以支持WebRTC功能";
				INFOPLIST_KEY_NSMicrophoneUsageDescription = "此应用需要使用麦克风以实现音频功能";
				INFOPLIST_KEY_NSMotionUsageDescription = "应用需要使用陀螺仪以支持AR功能 ";
				INFOPLIST_KEY_UIApplicationSceneManifest_Generation = YES;
				INFOPLIST_KEY_UIApplicationSupportsIndirectInputEvents = YES;
				INFOPLIST_KEY_UILaunchScreen_Generation = YES;
				INFOPLIST_KEY_UISupportedInterfaceOrientations_iPad = "UIInterfaceOrientationPortrait UIInterfaceOrientationPortraitUpsideDown UIInterfaceOrientationLandscapeLeft UIInterfaceOrientationLandscapeRight";
				INFOPLIST_KEY_UISupportedInterfaceOrientations_iPhone = "UIInterfaceOrientationPortrait UIInterfaceOrientationLandscapeLeft UIInterfaceOrientationLandscapeRight";
				LD_RUNPATH_SEARCH_PATHS = (
					"$(inherited)",
					"@executable_path/Frameworks",
				);
				MARKETING_VERSION = 1.0;
				PRODUCT_BUNDLE_IDENTIFIER = com.kivicube.app;
				PRODUCT_NAME = Kivicube;
				SWIFT_EMIT_LOC_STRINGS = YES;
				SWIFT_VERSION = 5.0;
				TARGETED_DEVICE_FAMILY = "1,2";
			};
			name = Release;
		};
		FDE873FC2EE284B7000C3790 /* Debug */ = {
			isa = XCBuildConfiguration;
			buildSettings = {
				BUNDLE_LOADER = "$(TEST_HOST)";
				CODE_SIGN_STYLE = Automatic;
				CURRENT_PROJECT_VERSION = 1;
				DEVELOPMENT_TEAM = L2433LT2H4;
				GENERATE_INFOPLIST_FILE = YES;
				IPHONEOS_DEPLOYMENT_TARGET = 18.4;
				MARKETING_VERSION = 1.0;
				PRODUCT_BUNDLE_IDENTIFIER = docking.kivicube.com.KivicubeTests;
				PRODUCT_NAME = "$(TARGET_NAME)";
				SWIFT_EMIT_LOC_STRINGS = NO;
				SWIFT_VERSION = 5.0;
				TARGETED_DEVICE_FAMILY = "1,2";
				TEST_HOST = "$(BUILT_PRODUCTS_DIR)/Kivicube.app/$(BUNDLE_EXECUTABLE_FOLDER_PATH)/Kivicube";
			};
			name = Debug;
		};
		FDE873FD2EE284B7000C3790 /* Release */ = {
			isa = XCBuildConfiguration;
			buildSettings = {
				BUNDLE_LOADER = "$(TEST_HOST)";
				CODE_SIGN_STYLE = Automatic;
				CURRENT_PROJECT_VERSION = 1;
				DEVELOPMENT_TEAM = L2433LT2H4;
				GENERATE_INFOPLIST_FILE = YES;
				IPHONEOS_DEPLOYMENT_TARGET = 18.4;
				MARKETING_VERSION = 1.0;
				PRODUCT_BUNDLE_IDENTIFIER = docking.kivicube.com.KivicubeTests;
				PRODUCT_NAME = "$(TARGET_NAME)";
				SWIFT_EMIT_LOC_STRINGS = NO;
				SWIFT_VERSION = 5.0;
				TARGETED_DEVICE_FAMILY = "1,2";
				TEST_HOST = "$(BUILT_PRODUCTS_DIR)/Kivicube.app/$(BUNDLE_EXECUTABLE_FOLDER_PATH)/Kivicube";
			};
			name = Release;
		};
		FDE873FF2EE284B7000C3790 /* Debug */ = {
			isa = XCBuildConfiguration;
			buildSettings = {
				CODE_SIGN_STYLE = Automatic;
				CURRENT_PROJECT_VERSION = 1;
				DEVELOPMENT_TEAM = L2433LT2H4;
				GENERATE_INFOPLIST_FILE = YES;
				MARKETING_VERSION = 1.0;
				PRODUCT_BUNDLE_IDENTIFIER = docking.kivicube.com.KivicubeUITests;
				PRODUCT_NAME = "$(TARGET_NAME)";
				SWIFT_EMIT_LOC_STRINGS = NO;
				SWIFT_VERSION = 5.0;
				TARGETED_DEVICE_FAMILY = "1,2";
				TEST_TARGET_NAME = Kivicube;
			};
			name = Debug;
		};
		FDE874002EE284B7000C3790 /* Release */ = {
			isa = XCBuildConfiguration;
			buildSettings = {
				CODE_SIGN_STYLE = Automatic;
				CURRENT_PROJECT_VERSION = 1;
				DEVELOPMENT_TEAM = L2433LT2H4;
				GENERATE_INFOPLIST_FILE = YES;
				MARKETING_VERSION = 1.0;
				PRODUCT_BUNDLE_IDENTIFIER = docking.kivicube.com.KivicubeUITests;
				PRODUCT_NAME = "$(TARGET_NAME)";
				SWIFT_EMIT_LOC_STRINGS = NO;
				SWIFT_VERSION = 5.0;
				TARGETED_DEVICE_FAMILY = "1,2";
				TEST_TARGET_NAME = Kivicube;
			};
			name = Release;
		};
/* End XCBuildConfiguration section */

/* Begin XCConfigurationList section */
		FDE873D22EE284B6000C3790 /* Build configuration list for PBXProject "Kivicube" */ = {
			isa = XCConfigurationList;
			buildConfigurations = (
				FDE873F62EE284B7000C3790 /* Debug */,
				FDE873F72EE284B7000C3790 /* Release */,
			);
			defaultConfigurationIsVisible = 0;
			defaultConfigurationName = Release;
		};
		FDE873F82EE284B7000C3790 /* Build configuration list for PBXNativeTarget "Kivicube" */ = {
			isa = XCConfigurationList;
			buildConfigurations = (
				FDE873F92EE284B7000C3790 /* Debug */,
				FDE873FA2EE284B7000C3790 /* Release */,
			);
			defaultConfigurationIsVisible = 0;
			defaultConfigurationName = Release;
		};
		FDE873FB2EE284B7000C3790 /* Build configuration list for PBXNativeTarget "KivicubeTests" */ = {
			isa = XCConfigurationList;
			buildConfigurations = (
				FDE873FC2EE284B7000C3790 /* Debug */,
				FDE873FD2EE284B7000C3790 /* Release */,
			);
			defaultConfigurationIsVisible = 0;
			defaultConfigurationName = Release;
		};
		FDE873FE2EE284B7000C3790 /* Build configuration list for PBXNativeTarget "KivicubeUITests" */ = {
			isa = XCConfigurationList;
			buildConfigurations = (
				FDE873FF2EE284B7000C3790 /* Debug */,
				FDE874002EE284B7000C3790 /* Release */,
			);
			defaultConfigurationIsVisible = 0;
			defaultConfigurationName = Release;
		};
/* End XCConfigurationList section */
	};
	rootObject = FDE873CF2EE284B6000C3790 /* Project object */;
}
